
Microsoft Visual Studio Solution File, Format Version 12.00
# Visual Studio Version 16
VisualStudioVersion = 16.0.31605.320
MinimumVisualStudioVersion = 10.0.40219.1
Project("{9A19103F-16F7-4668-BE54-9A1E7A4F7556}") = "PersonalAcounting", "PersonalAcounting\PersonalAcounting.csproj", "{BA642168-59B6-4474-9E51-2E04D98FDDBD}"
EndProject
Project("{2150E333-8FDC-42A3-9474-1A3956D46DE8}") = "Base", "Base", "{A89A5EF2-F130-4B2F-A80C-D91AD176CF42}"
EndProject
Project("{2150E333-8FDC-42A3-9474-1A3956D46DE8}") = "Income", "Income", "{19797121-3A8F-4D06-BA2F-04EC5B6ADDB5}"
EndProject
Project("{2150E333-8FDC-42A3-9474-1A3956D46DE8}") = "Costs", "Costs", "{41E955EC-D74C-44BC-87D8-0FB7F099142E}"
EndProject
Project("{2150E333-8FDC-42A3-9474-1A3956D46DE8}") = "Data", "Data", "{019980B4-E745-4B7C-83E4-B41FA88F3999}"
EndProject
Project("{9A19103F-16F7-4668-BE54-9A1E7A4F7556}") = "IBase", "IBase\IBase.csproj", "{2529A17D-9AD0-4329-A1B6-33745F3859A1}"
EndProject
Project("{9A19103F-16F7-4668-BE54-9A1E7A4F7556}") = "CostsControls", "CostsControls\CostsControls.csproj", "{3F624B8B-045B-46AB-A32C-35F24C5E343F}"
EndProject
Project("{9A19103F-16F7-4668-BE54-9A1E7A4F7556}") = "ICosts", "ICosts\ICosts.csproj", "{00BDDD4A-FE0E-47C2-8CD5-597AE7414079}"
EndProject
Project("{9A19103F-16F7-4668-BE54-9A1E7A4F7556}") = "CostsImplement", "CostsImplements\CostsImplement.csproj", "{79ED6B29-F33E-4BF6-8101-28DC138E9445}"
EndProject
Project("{9A19103F-16F7-4668-BE54-9A1E7A4F7556}") = "IncomeControls", "IncomeControls\IncomeControls.csproj", "{2A4212D1-C343-4A5B-B09A-593BA009B10D}"
EndProject
Project("{9A19103F-16F7-4668-BE54-9A1E7A4F7556}") = "IIncome", "IIncome\IIncome.csproj", "{7357CBDF-DEA4-4ABF-98BF-CA0605C5FB6C}"
EndProject
Project("{9A19103F-16F7-4668-BE54-9A1E7A4F7556}") = "IncomeImplement", "IncomeImplements\IncomeImplement.csproj", "{8710B559-4725-4F69-9664-7486775E5B0F}"
EndProject
Project("{9A19103F-16F7-4668-BE54-9A1E7A4F7556}") = "IData", "IData\IData.csproj", "{9BAEE3F5-C2FA-4F36-9A83-C4C751A2ABBA}"
EndProject
Project("{9A19103F-16F7-4668-BE54-9A1E7A4F7556}") = "DataImplement", "DataImplements\DataImplement.csproj", "{419F608A-DB69-4E7F-9545-B451A82CAAA6}"
EndProject
Project("{9A19103F-16F7-4668-BE54-9A1E7A4F7556}") = "BaseImplement", "BaseImplements\BaseImplement.csproj", "{92363806-D7C4-4C3F-9325-AE7473FEC1B5}"
EndProject
Project("{2150E333-8FDC-42A3-9474-1A3956D46DE8}") = "Account", "Account", "{07402883-B01F-45EB-A9B5-B9F1DFB31622}"
EndProject
Project("{9A19103F-16F7-4668-BE54-9A1E7A4F7556}") = "AccountControl", "AccountsControl\AccountControl.csproj", "{031738BA-AC01-4EAE-989F-238BDB11A20E}"
EndProject
Project("{9A19103F-16F7-4668-BE54-9A1E7A4F7556}") = "IAccount", "IAccounts\IAccount.csproj", "{4E8E9A81-F105-4C10-BA44-1E70FE70168D}"
EndProject
Project("{9A19103F-16F7-4668-BE54-9A1E7A4F7556}") = "AccountImplement", "AccountsImplement\AccountImplement.csproj", "{A30B05D1-F6A9-486F-B06E-74D3158D798A}"
EndProject
Project("{2150E333-8FDC-42A3-9474-1A3956D46DE8}") = "Common", "Common", "{80CBE34D-6C9F-4752-A005-2CD591E729C5}"
EndProject
Project("{9A19103F-16F7-4668-BE54-9A1E7A4F7556}") = "WPFHelper", "WPFHelper\WPFHelper.csproj", "{D71AC2DF-A92C-40E1-98BB-B3C25A718CFF}"
EndProject
Project("{9A19103F-16F7-4668-BE54-9A1E7A4F7556}") = "AccountFabric", "AccountFabric\AccountFabric.csproj", "{3B3BAA6B-7811-47FE-BD20-DBF070DABDE3}"
EndProject
Project("{2150E333-8FDC-42A3-9474-1A3956D46DE8}") = "Directory", "Directory", "{550A4E7D-6219-4FD9-8723-7DACC6E78011}"
EndProject
Project("{9A19103F-16F7-4668-BE54-9A1E7A4F7556}") = "DirectoryImplement", "DirectoryImplement\DirectoryImplement.csproj", "{4C2F3A67-FCA5-4C83-A636-6EB60A056AF8}"
EndProject
Project("{9A19103F-16F7-4668-BE54-9A1E7A4F7556}") = "IDirectory", "IDirectory\IDirectory.csproj", "{76FEE755-836C-4DB5-BCFB-29BA9E07BBEB}"
EndProject
Project("{9A19103F-16F7-4668-BE54-9A1E7A4F7556}") = "IncomeFabric", "IncomeFabric\IncomeFabric.csproj", "{32AE8B57-5F42-4E40-A628-615341488BF8}"
EndProject
Project("{FAE04EC0-301F-11D3-BF4B-00C04F79EFBC}") = "CostFabric", "ICostFabric\CostFabric.csproj", "{32F11A21-C4D7-4A3A-94C8-1A1BFFB53A68}"
EndProject
Global
	GlobalSection(SolutionConfigurationPlatforms) = preSolution
		Debug|Any CPU = Debug|Any CPU
		Release|Any CPU = Release|Any CPU
	EndGlobalSection
	GlobalSection(ProjectConfigurationPlatforms) = postSolution
		{BA642168-59B6-4474-9E51-2E04D98FDDBD}.Debug|Any CPU.ActiveCfg = Debug|Any CPU
		{BA642168-59B6-4474-9E51-2E04D98FDDBD}.Debug|Any CPU.Build.0 = Debug|Any CPU
		{BA642168-59B6-4474-9E51-2E04D98FDDBD}.Release|Any CPU.ActiveCfg = Release|Any CPU
		{BA642168-59B6-4474-9E51-2E04D98FDDBD}.Release|Any CPU.Build.0 = Release|Any CPU
		{2529A17D-9AD0-4329-A1B6-33745F3859A1}.Debug|Any CPU.ActiveCfg = Debug|Any CPU
		{2529A17D-9AD0-4329-A1B6-33745F3859A1}.Debug|Any CPU.Build.0 = Debug|Any CPU
		{2529A17D-9AD0-4329-A1B6-33745F3859A1}.Release|Any CPU.ActiveCfg = Release|Any CPU
		{2529A17D-9AD0-4329-A1B6-33745F3859A1}.Release|Any CPU.Build.0 = Release|Any CPU
		{3F624B8B-045B-46AB-A32C-35F24C5E343F}.Debug|Any CPU.ActiveCfg = Debug|Any CPU
		{3F624B8B-045B-46AB-A32C-35F24C5E343F}.Debug|Any CPU.Build.0 = Debug|Any CPU
		{3F624B8B-045B-46AB-A32C-35F24C5E343F}.Release|Any CPU.ActiveCfg = Release|Any CPU
		{3F624B8B-045B-46AB-A32C-35F24C5E343F}.Release|Any CPU.Build.0 = Release|Any CPU
		{00BDDD4A-FE0E-47C2-8CD5-597AE7414079}.Debug|Any CPU.ActiveCfg = Debug|Any CPU
		{00BDDD4A-FE0E-47C2-8CD5-597AE7414079}.Debug|Any CPU.Build.0 = Debug|Any CPU
		{00BDDD4A-FE0E-47C2-8CD5-597AE7414079}.Release|Any CPU.ActiveCfg = Release|Any CPU
		{00BDDD4A-FE0E-47C2-8CD5-597AE7414079}.Release|Any CPU.Build.0 = Release|Any CPU
		{79ED6B29-F33E-4BF6-8101-28DC138E9445}.Debug|Any CPU.ActiveCfg = Debug|Any CPU
		{79ED6B29-F33E-4BF6-8101-28DC138E9445}.Debug|Any CPU.Build.0 = Debug|Any CPU
		{79ED6B29-F33E-4BF6-8101-28DC138E9445}.Release|Any CPU.ActiveCfg = Release|Any CPU
		{79ED6B29-F33E-4BF6-8101-28DC138E9445}.Release|Any CPU.Build.0 = Release|Any CPU
		{2A4212D1-C343-4A5B-B09A-593BA009B10D}.Debug|Any CPU.ActiveCfg = Debug|Any CPU
		{2A4212D1-C343-4A5B-B09A-593BA009B10D}.Debug|Any CPU.Build.0 = Debug|Any CPU
		{2A4212D1-C343-4A5B-B09A-593BA009B10D}.Release|Any CPU.ActiveCfg = Release|Any CPU
		{2A4212D1-C343-4A5B-B09A-593BA009B10D}.Release|Any CPU.Build.0 = Release|Any CPU
		{7357CBDF-DEA4-4ABF-98BF-CA0605C5FB6C}.Debug|Any CPU.ActiveCfg = Debug|Any CPU
		{7357CBDF-DEA4-4ABF-98BF-CA0605C5FB6C}.Debug|Any CPU.Build.0 = Debug|Any CPU
		{7357CBDF-DEA4-4ABF-98BF-CA0605C5FB6C}.Release|Any CPU.ActiveCfg = Release|Any CPU
		{7357CBDF-DEA4-4ABF-98BF-CA0605C5FB6C}.Release|Any CPU.Build.0 = Release|Any CPU
		{8710B559-4725-4F69-9664-7486775E5B0F}.Debug|Any CPU.ActiveCfg = Debug|Any CPU
		{8710B559-4725-4F69-9664-7486775E5B0F}.Debug|Any CPU.Build.0 = Debug|Any CPU
		{8710B559-4725-4F69-9664-7486775E5B0F}.Release|Any CPU.ActiveCfg = Release|Any CPU
		{8710B559-4725-4F69-9664-7486775E5B0F}.Release|Any CPU.Build.0 = Release|Any CPU
		{9BAEE3F5-C2FA-4F36-9A83-C4C751A2ABBA}.Debug|Any CPU.ActiveCfg = Debug|Any CPU
		{9BAEE3F5-C2FA-4F36-9A83-C4C751A2ABBA}.Debug|Any CPU.Build.0 = Debug|Any CPU
		{9BAEE3F5-C2FA-4F36-9A83-C4C751A2ABBA}.Release|Any CPU.ActiveCfg = Release|Any CPU
		{9BAEE3F5-C2FA-4F36-9A83-C4C751A2ABBA}.Release|Any CPU.Build.0 = Release|Any CPU
		{419F608A-DB69-4E7F-9545-B451A82CAAA6}.Debug|Any CPU.ActiveCfg = Debug|Any CPU
		{419F608A-DB69-4E7F-9545-B451A82CAAA6}.Debug|Any CPU.Build.0 = Debug|Any CPU
		{419F608A-DB69-4E7F-9545-B451A82CAAA6}.Release|Any CPU.ActiveCfg = Release|Any CPU
		{419F608A-DB69-4E7F-9545-B451A82CAAA6}.Release|Any CPU.Build.0 = Release|Any CPU
		{92363806-D7C4-4C3F-9325-AE7473FEC1B5}.Debug|Any CPU.ActiveCfg = Debug|Any CPU
		{92363806-D7C4-4C3F-9325-AE7473FEC1B5}.Debug|Any CPU.Build.0 = Debug|Any CPU
		{92363806-D7C4-4C3F-9325-AE7473FEC1B5}.Release|Any CPU.ActiveCfg = Release|Any CPU
		{92363806-D7C4-4C3F-9325-AE7473FEC1B5}.Release|Any CPU.Build.0 = Release|Any CPU
		{031738BA-AC01-4EAE-989F-238BDB11A20E}.Debug|Any CPU.ActiveCfg = Debug|Any CPU
		{031738BA-AC01-4EAE-989F-238BDB11A20E}.Debug|Any CPU.Build.0 = Debug|Any CPU
		{031738BA-AC01-4EAE-989F-238BDB11A20E}.Release|Any CPU.ActiveCfg = Release|Any CPU
		{031738BA-AC01-4EAE-989F-238BDB11A20E}.Release|Any CPU.Build.0 = Release|Any CPU
		{4E8E9A81-F105-4C10-BA44-1E70FE70168D}.Debug|Any CPU.ActiveCfg = Debug|Any CPU
		{4E8E9A81-F105-4C10-BA44-1E70FE70168D}.Debug|Any CPU.Build.0 = Debug|Any CPU
		{4E8E9A81-F105-4C10-BA44-1E70FE70168D}.Release|Any CPU.ActiveCfg = Release|Any CPU
		{4E8E9A81-F105-4C10-BA44-1E70FE70168D}.Release|Any CPU.Build.0 = Release|Any CPU
		{A30B05D1-F6A9-486F-B06E-74D3158D798A}.Debug|Any CPU.ActiveCfg = Debug|Any CPU
		{A30B05D1-F6A9-486F-B06E-74D3158D798A}.Debug|Any CPU.Build.0 = Debug|Any CPU
		{A30B05D1-F6A9-486F-B06E-74D3158D798A}.Release|Any CPU.ActiveCfg = Release|Any CPU
		{A30B05D1-F6A9-486F-B06E-74D3158D798A}.Release|Any CPU.Build.0 = Release|Any CPU
		{D71AC2DF-A92C-40E1-98BB-B3C25A718CFF}.Debug|Any CPU.ActiveCfg = Debug|Any CPU
		{D71AC2DF-A92C-40E1-98BB-B3C25A718CFF}.Debug|Any CPU.Build.0 = Debug|Any CPU
		{D71AC2DF-A92C-40E1-98BB-B3C25A718CFF}.Release|Any CPU.ActiveCfg = Release|Any CPU
		{D71AC2DF-A92C-40E1-98BB-B3C25A718CFF}.Release|Any CPU.Build.0 = Release|Any CPU
		{3B3BAA6B-7811-47FE-BD20-DBF070DABDE3}.Debug|Any CPU.ActiveCfg = Debug|Any CPU
		{3B3BAA6B-7811-47FE-BD20-DBF070DABDE3}.Debug|Any CPU.Build.0 = Debug|Any CPU
		{3B3BAA6B-7811-47FE-BD20-DBF070DABDE3}.Release|Any CPU.ActiveCfg = Release|Any CPU
		{3B3BAA6B-7811-47FE-BD20-DBF070DABDE3}.Release|Any CPU.Build.0 = Release|Any CPU
		{4C2F3A67-FCA5-4C83-A636-6EB60A056AF8}.Debug|Any CPU.ActiveCfg = Debug|Any CPU
		{4C2F3A67-FCA5-4C83-A636-6EB60A056AF8}.Debug|Any CPU.Build.0 = Debug|Any CPU
		{4C2F3A67-FCA5-4C83-A636-6EB60A056AF8}.Release|Any CPU.ActiveCfg = Release|Any CPU
		{4C2F3A67-FCA5-4C83-A636-6EB60A056AF8}.Release|Any CPU.Build.0 = Release|Any CPU
		{76FEE755-836C-4DB5-BCFB-29BA9E07BBEB}.Debug|Any CPU.ActiveCfg = Debug|Any CPU
		{76FEE755-836C-4DB5-BCFB-29BA9E07BBEB}.Debug|Any CPU.Build.0 = Debug|Any CPU
		{76FEE755-836C-4DB5-BCFB-29BA9E07BBEB}.Release|Any CPU.ActiveCfg = Release|Any CPU
		{76FEE755-836C-4DB5-BCFB-29BA9E07BBEB}.Release|Any CPU.Build.0 = Release|Any CPU
		{32AE8B57-5F42-4E40-A628-615341488BF8}.Debug|Any CPU.ActiveCfg = Debug|Any CPU
		{32AE8B57-5F42-4E40-A628-615341488BF8}.Debug|Any CPU.Build.0 = Debug|Any CPU
		{32AE8B57-5F42-4E40-A628-615341488BF8}.Release|Any CPU.ActiveCfg = Release|Any CPU
		{32AE8B57-5F42-4E40-A628-615341488BF8}.Release|Any CPU.Build.0 = Release|Any CPU
		{32F11A21-C4D7-4A3A-94C8-1A1BFFB53A68}.Debug|Any CPU.ActiveCfg = Debug|Any CPU
		{32F11A21-C4D7-4A3A-94C8-1A1BFFB53A68}.Debug|Any CPU.Build.0 = Debug|Any CPU
		{32F11A21-C4D7-4A3A-94C8-1A1BFFB53A68}.Release|Any CPU.ActiveCfg = Release|Any CPU
		{32F11A21-C4D7-4A3A-94C8-1A1BFFB53A68}.Release|Any CPU.Build.0 = Release|Any CPU
	EndGlobalSection
	GlobalSection(SolutionProperties) = preSolution
		HideSolutionNode = FALSE
	EndGlobalSection
	GlobalSection(NestedProjects) = preSolution
		{2529A17D-9AD0-4329-A1B6-33745F3859A1} = {A89A5EF2-F130-4B2F-A80C-D91AD176CF42}
		{3F624B8B-045B-46AB-A32C-35F24C5E343F} = {41E955EC-D74C-44BC-87D8-0FB7F099142E}
		{00BDDD4A-FE0E-47C2-8CD5-597AE7414079} = {41E955EC-D74C-44BC-87D8-0FB7F099142E}
		{79ED6B29-F33E-4BF6-8101-28DC138E9445} = {41E955EC-D74C-44BC-87D8-0FB7F099142E}
		{2A4212D1-C343-4A5B-B09A-593BA009B10D} = {19797121-3A8F-4D06-BA2F-04EC5B6ADDB5}
		{7357CBDF-DEA4-4ABF-98BF-CA0605C5FB6C} = {19797121-3A8F-4D06-BA2F-04EC5B6ADDB5}
		{8710B559-4725-4F69-9664-7486775E5B0F} = {19797121-3A8F-4D06-BA2F-04EC5B6ADDB5}
		{9BAEE3F5-C2FA-4F36-9A83-C4C751A2ABBA} = {019980B4-E745-4B7C-83E4-B41FA88F3999}
		{419F608A-DB69-4E7F-9545-B451A82CAAA6} = {019980B4-E745-4B7C-83E4-B41FA88F3999}
		{92363806-D7C4-4C3F-9325-AE7473FEC1B5} = {A89A5EF2-F130-4B2F-A80C-D91AD176CF42}
		{031738BA-AC01-4EAE-989F-238BDB11A20E} = {07402883-B01F-45EB-A9B5-B9F1DFB31622}
		{4E8E9A81-F105-4C10-BA44-1E70FE70168D} = {07402883-B01F-45EB-A9B5-B9F1DFB31622}
		{A30B05D1-F6A9-486F-B06E-74D3158D798A} = {07402883-B01F-45EB-A9B5-B9F1DFB31622}
		{D71AC2DF-A92C-40E1-98BB-B3C25A718CFF} = {80CBE34D-6C9F-4752-A005-2CD591E729C5}
		{3B3BAA6B-7811-47FE-BD20-DBF070DABDE3} = {07402883-B01F-45EB-A9B5-B9F1DFB31622}
		{4C2F3A67-FCA5-4C83-A636-6EB60A056AF8} = {550A4E7D-6219-4FD9-8723-7DACC6E78011}
		{76FEE755-836C-4DB5-BCFB-29BA9E07BBEB} = {550A4E7D-6219-4FD9-8723-7DACC6E78011}
		{32AE8B57-5F42-4E40-A628-615341488BF8} = {19797121-3A8F-4D06-BA2F-04EC5B6ADDB5}
		{32F11A21-C4D7-4A3A-94C8-1A1BFFB53A68} = {41E955EC-D74C-44BC-87D8-0FB7F099142E}
	EndGlobalSection
	GlobalSection(ExtensibilityGlobals) = postSolution
		SolutionGuid = {0864F8FE-A7FF-4944-AD99-7CC9BD8C43D0}
	EndGlobalSection
EndGlobal
